# Igi dependency lockfile
# Generated: 2026-05-09T19:33:08Z
# Update with: python3 scripts/verify_deps.py --update
#
# FORMAT: PACKAGE  VERSION  SHA256_OF_PRIMARY_DYLIB

tesseract  5.5.2  8e02806238b246630fb97f9f1270ac49bbecd24341424360737d037508ff7882
leptonica  1.87.0  e96da3d1b146bf9b444c3b20ca53da6ff7080f173a9f9876449e2a837f507f81
qt  6.11.1  NO_DYLIB
